
Microsoft Visual Studio Solution File, Format Version 12.00
# Visual Studio Version 17
VisualStudioVersion = 17.8.34525.116
MinimumVisualStudioVersion = 10.0.40219.1
Project("{FAE04EC0-301F-11D3-BF4B-00C04F79EFBC}") = "funcoes", "funcoes\funcoes.csproj", "{2CEC4767-D917-4360-867B-2B291489DD0C}"
EndProject
Global
	GlobalSection(SolutionConfigurationPlatforms) = preSolution
		Debug|Any CPU = Debug|Any CPU
		Release|Any CPU = Release|Any CPU
	EndGlobalSection
	GlobalSection(ProjectConfigurationPlatforms) = postSolution
		{2CEC4767-D917-4360-867B-2B291489DD0C}.Debug|Any CPU.ActiveCfg = Debug|Any CPU
		{2CEC4767-D917-4360-867B-2B291489DD0C}.Debug|Any CPU.Build.0 = Debug|Any CPU
		{2CEC4767-D917-4360-867B-2B291489DD0C}.Release|Any CPU.ActiveCfg = Release|Any CPU
		{2CEC4767-D917-4360-867B-2B291489DD0C}.Release|Any CPU.Build.0 = Release|Any CPU
	EndGlobalSection
	GlobalSection(SolutionProperties) = preSolution
		HideSolutionNode = FALSE
	EndGlobalSection
	GlobalSection(ExtensibilityGlobals) = postSolution
		SolutionGuid = {5B920169-D48B-4A73-B202-D1E7A663E0C3}
	EndGlobalSection
EndGlobal
